PODS:
  - AFNetworking (3.1.0):
    - AFNetworking/NSURLSession (= 3.1.0)
    - AFNetworking/Reachability (= 3.1.0)
    - AFNetworking/Security (= 3.1.0)
    - AFNetworking/Serialization (= 3.1.0)
    - AFNetworking/UIKit (= 3.1.0)
  - AFNetworking/NSURLSession (3.1.0):
    - AFNetworking/Reachability
    - AFNetworking/Security
    - AFNetworking/Serialization
  - AFNetworking/Reachability (3.1.0)
  - AFNetworking/Security (3.1.0)
  - AFNetworking/Serialization (3.1.0)
  - LibYAML (0.1.4)
  - Realm (2.10.1):
    - Realm/Headers (= 2.10.1)
  - Realm/Headers (2.10.1)
  - SYFlatButton (1.3)
  - YAML-Framework (0.0.2):
    - LibYAML (~> 0.1.4)

DEPENDENCIES:
  - AFNetworking
  - Realm
  - SYFlatButton
  - YAML-Framework

SPEC CHECKSUMS:
  AFNetworking: 5e0e199f73d8626b11e79750991f5d173d1f8b67
  LibYAML: 3af2c5adf3a40dff936d087aa6a77edc10036bc5
  Realm: fc7a317a5c2c9ba91f5f235ede4e2ea76e9eba0c
  SYFlatButton: bd354ccd90ecaf40be6689448054daa0f3243e8b
  YAML-Framework: 6fe698e19d39d778829f5937e39d1e6bc12afd7b

PODFILE CHECKSUM: f708e8765abd3c8a1c0f92785641e597d559eb97

COCOAPODS: 1.2.1
